
Microsoft Visual Studio Solution File, Format Version 12.00
# Visual Studio Version 16
VisualStudioVersion = 16.0.30711.63
MinimumVisualStudioVersion = 10.0.40219.1
Project("{FAE04EC0-301F-11D3-BF4B-00C04F79EFBC}") = "Lab2_Demo", "MyForm\Lab2_Demo.csproj", "{0528023A-F9C5-435D-BC6B-7516ED1C2366}"
EndProject
Global
	GlobalSection(SolutionConfigurationPlatforms) = preSolution
		Debug|Any CPU = Debug|Any CPU
		Release|Any CPU = Release|Any CPU
	EndGlobalSection
	GlobalSection(ProjectConfigurationPlatforms) = postSolution
		{0528023A-F9C5-435D-BC6B-7516ED1C2366}.Debug|Any CPU.ActiveCfg = Debug|Any CPU
		{0528023A-F9C5-435D-BC6B-7516ED1C2366}.Debug|Any CPU.Build.0 = Debug|Any CPU
		{0528023A-F9C5-435D-BC6B-7516ED1C2366}.Release|Any CPU.ActiveCfg = Release|Any CPU
		{0528023A-F9C5-435D-BC6B-7516ED1C2366}.Release|Any CPU.Build.0 = Release|Any CPU
	EndGlobalSection
	GlobalSection(SolutionProperties) = preSolution
		HideSolutionNode = FALSE
	EndGlobalSection
	GlobalSection(ExtensibilityGlobals) = postSolution
		SolutionGuid = {4A81CC3D-2DF9-4E7A-A2AA-112B62E76C26}
	EndGlobalSection
EndGlobal
